
Microsoft Visual Studio Solution File, Format Version 12.00
# Visual Studio Version 16
VisualStudioVersion = 16.0.31624.102
MinimumVisualStudioVersion = 10.0.40219.1
Project("{FAE04EC0-301F-11D3-BF4B-00C04F79EFBC}") = "Num2_TestAndPractice", "Num2_TestAndPractice\Num2_TestAndPractice.csproj", "{083C6F35-C3CE-4354-B7E5-04CC6F64837B}"
EndProject
Global
	GlobalSection(SolutionConfigurationPlatforms) = preSolution
		Debug|Any CPU = Debug|Any CPU
		Release|Any CPU = Release|Any CPU
	EndGlobalSection
	GlobalSection(ProjectConfigurationPlatforms) = postSolution
		{083C6F35-C3CE-4354-B7E5-04CC6F64837B}.Debug|Any CPU.ActiveCfg = Debug|Any CPU
		{083C6F35-C3CE-4354-B7E5-04CC6F64837B}.Debug|Any CPU.Build.0 = Debug|Any CPU
		{083C6F35-C3CE-4354-B7E5-04CC6F64837B}.Release|Any CPU.ActiveCfg = Release|Any CPU
		{083C6F35-C3CE-4354-B7E5-04CC6F64837B}.Release|Any CPU.Build.0 = Release|Any CPU
	EndGlobalSection
	GlobalSection(SolutionProperties) = preSolution
		HideSolutionNode = FALSE
	EndGlobalSection
	GlobalSection(ExtensibilityGlobals) = postSolution
		SolutionGuid = {D840969D-0F94-4804-87D3-D5FBF48A58E9}
	EndGlobalSection
EndGlobal
